
Microsoft Visual Studio Solution File, Format Version 12.00
# Visual Studio Version 17
VisualStudioVersion = 17.0.32112.339
MinimumVisualStudioVersion = 10.0.40219.1
Project("{FAE04EC0-301F-11D3-BF4B-00C04F79EFBC}") = "SQL_data_types_commands", "SQL_data_types_commands\SQL_data_types_commands.csproj", "{38B76CBC-B28B-4B76-A50C-E6C7A5049642}"
EndProject
Global
	GlobalSection(SolutionConfigurationPlatforms) = preSolution
		Debug|Any CPU = Debug|Any CPU
		Release|Any CPU = Release|Any CPU
	EndGlobalSection
	GlobalSection(ProjectConfigurationPlatforms) = postSolution
		{38B76CBC-B28B-4B76-A50C-E6C7A5049642}.Debug|Any CPU.ActiveCfg = Debug|Any CPU
		{38B76CBC-B28B-4B76-A50C-E6C7A5049642}.Debug|Any CPU.Build.0 = Debug|Any CPU
		{38B76CBC-B28B-4B76-A50C-E6C7A5049642}.Release|Any CPU.ActiveCfg = Release|Any CPU
		{38B76CBC-B28B-4B76-A50C-E6C7A5049642}.Release|Any CPU.Build.0 = Release|Any CPU
	EndGlobalSection
	GlobalSection(SolutionProperties) = preSolution
		HideSolutionNode = FALSE
	EndGlobalSection
	GlobalSection(ExtensibilityGlobals) = postSolution
		SolutionGuid = {652817DB-D1D6-4438-A770-B50E677BF22F}
	EndGlobalSection
EndGlobal
